
Microsoft Visual Studio Solution File, Format Version 12.00
# Visual Studio Version 16
VisualStudioVersion = 16.0.29102.190
MinimumVisualStudioVersion = 10.0.40219.1
Project("{9A19103F-16F7-4668-BE54-9A1E7A4F7556}") = "WeiXin", "WeiXin.csproj", "{3E7AD8DB-7F90-4E3F-A2DE-FB2C63383B33}"
EndProject
Project("{FAE04EC0-301F-11D3-BF4B-00C04F79EFBC}") = "WebApplication1", "..\WebApplication1\WebApplication1.csproj", "{33FEAC7A-6579-4075-B5D0-F9A9A022BD4B}"
EndProject
Global
	GlobalSection(SolutionConfigurationPlatforms) = preSolution
		Debug|Any CPU = Debug|Any CPU
		Release|Any CPU = Release|Any CPU
	EndGlobalSection
	GlobalSection(ProjectConfigurationPlatforms) = postSolution
		{3E7AD8DB-7F90-4E3F-A2DE-FB2C63383B33}.Debug|Any CPU.ActiveCfg = Debug|Any CPU
		{3E7AD8DB-7F90-4E3F-A2DE-FB2C63383B33}.Debug|Any CPU.Build.0 = Debug|Any CPU
		{3E7AD8DB-7F90-4E3F-A2DE-FB2C63383B33}.Release|Any CPU.ActiveCfg = Release|Any CPU
		{3E7AD8DB-7F90-4E3F-A2DE-FB2C63383B33}.Release|Any CPU.Build.0 = Release|Any CPU
		{33FEAC7A-6579-4075-B5D0-F9A9A022BD4B}.Debug|Any CPU.ActiveCfg = Debug|Any CPU
		{33FEAC7A-6579-4075-B5D0-F9A9A022BD4B}.Debug|Any CPU.Build.0 = Debug|Any CPU
		{33FEAC7A-6579-4075-B5D0-F9A9A022BD4B}.Release|Any CPU.ActiveCfg = Release|Any CPU
		{33FEAC7A-6579-4075-B5D0-F9A9A022BD4B}.Release|Any CPU.Build.0 = Release|Any CPU
	EndGlobalSection
	GlobalSection(SolutionProperties) = preSolution
		HideSolutionNode = FALSE
	EndGlobalSection
	GlobalSection(ExtensibilityGlobals) = postSolution
		SolutionGuid = {6A08E31E-6C9D-4AE1-B86D-29C3F62BF60C}
	EndGlobalSection
EndGlobal
